
Microsoft Visual Studio Solution File, Format Version 12.00
# Visual Studio Version 17
VisualStudioVersion = 17.14.36121.58
MinimumVisualStudioVersion = 10.0.40219.1
Project("{2150E333-8FDC-42A3-9474-1A3956D46DE8}") = "src", "src", "{B268AA47-57A6-4401-8D1D-9FCD1E8783E3}"
EndProject
Project("{2150E333-8FDC-42A3-9474-1A3956D46DE8}") = "tests", "tests", "{703622A0-C47B-4686-A6A0-6D731F320914}"
EndProject
Project("{2150E333-8FDC-42A3-9474-1A3956D46DE8}") = "shared", "shared", "{C7E4F661-F80D-4698-831B-0532BA4E8077}"
EndProject
Project("{FAE04EC0-301F-11D3-BF4B-00C04F79EFBC}") = "ContactRegister.Application", "src\ContactRegister.Application\ContactRegister.Application.csproj", "{4C2EE810-3D2C-4EA5-B01E-23EADA32D6E2}"
EndProject
Project("{FAE04EC0-301F-11D3-BF4B-00C04F79EFBC}") = "ContactRegister.Tests", "tests\ContactRegister.Tests\ContactRegister.Tests.csproj", "{8FC6A478-333A-4DA4-999E-02BCA0307988}"
EndProject
Project("{2150E333-8FDC-42A3-9474-1A3956D46DE8}") = "Solution Items", "Solution Items", "{B8738FBC-AD0F-4947-BCB8-7F16C11B6050}"
	ProjectSection(SolutionItems) = preProject
		.env = .env
		.gitignore = .gitignore
		contact-register-grafana-dashboard.json = contact-register-grafana-dashboard.json
		docker-compose.yml = docker-compose.yml
		Dockerfile.grafana = Dockerfile.grafana
		Dockerfile.prometheus = Dockerfile.prometheus
		..\.github\workflows\dotnet.yml = ..\.github\workflows\dotnet.yml
		prometheus.yml = prometheus.yml
		..\README.md = ..\README.md
	EndProjectSection
EndProject
Project("{FAE04EC0-301F-11D3-BF4B-00C04F79EFBC}") = "ContactRegister.Shared", "shared\ContactRegister.Shared\ContactRegister.Shared.csproj", "{684C7F9C-B44B-4293-A7A3-373943D1D802}"
EndProject
Project("{FAE04EC0-301F-11D3-BF4B-00C04F79EFBC}") = "ContactRegister.Domain", "src\ContactRegister.Domain\ContactRegister.Domain.csproj", "{C5B6E983-1564-4098-968A-A8770DA03BC4}"
EndProject
Project("{FAE04EC0-301F-11D3-BF4B-00C04F79EFBC}") = "ContactRegister.Infrastructure", "src\ContactRegister.Infrastructure\ContactRegister.Infrastructure.csproj", "{CB32A9AF-1547-45E6-8220-122203A63671}"
EndProject
Project("{FAE04EC0-301F-11D3-BF4B-00C04F79EFBC}") = "ContactRegister.Api.ReadContact", "src\ContactRegister.Api.ReadContact\ContactRegister.Api.ReadContact.csproj", "{27065839-F410-81E4-B51A-38826934D735}"
EndProject
Project("{FAE04EC0-301F-11D3-BF4B-00C04F79EFBC}") = "ContactRegister.Api.WriteContact", "src\ContactRegister.Api.WriteContact\ContactRegister.Api.WriteContact.csproj", "{29116B28-4D5F-F07D-B4CB-8FFCFFCC4A8D}"
EndProject
Project("{FAE04EC0-301F-11D3-BF4B-00C04F79EFBC}") = "ContactRegister.ReadContact.Tests", "tests\ContactRegister.ReadContact.Tests\ContactRegister.ReadContact.Tests.csproj", "{513FC960-B5E5-7ECB-EB15-9979149643FD}"
EndProject
Project("{FAE04EC0-301F-11D3-BF4B-00C04F79EFBC}") = "ContactRegister.WriteContact.Tests", "tests\ContactRegister.WriteContact.Tests\ContactRegister.WriteContact.Tests.csproj", "{9311AE86-7AFC-B234-9384-71A13902A011}"
EndProject
Project("{FAE04EC0-301F-11D3-BF4B-00C04F79EFBC}") = "ContactRegister.Api.Ddd", "src\ContactRegister.Api.Ddd\ContactRegister.Api.Ddd.csproj", "{584F3BB1-3285-4B95-9AB2-F6022A7221D3}"
EndProject
Project("{FAE04EC0-301F-11D3-BF4B-00C04F79EFBC}") = "ContactRegister.Application.Ddd", "src\ContactRegister.Application.Ddd\ContactRegister.Application.Ddd.csproj", "{6AEED585-34B2-42C3-A642-C752EBBD08C7}"
EndProject
Project("{FAE04EC0-301F-11D3-BF4B-00C04F79EFBC}") = "ContactRegister.Infrastructure.Ddd", "src\ContactRegister.Infrastructure.Ddd\ContactRegister.Infrastructure.Ddd.csproj", "{40F8D64F-5AB7-4DF2-B654-077DD8A4EE8A}"
EndProject
Project("{FAE04EC0-301F-11D3-BF4B-00C04F79EFBC}") = "ContactRegister.Ddd.Tests", "tests\ContactRegister.Ddd.Tests\ContactRegister.Ddd.Tests.csproj", "{10F99D94-E8C7-4FD5-8F26-8CBB8156F1CA}"
EndProject
Global
	GlobalSection(SolutionConfigurationPlatforms) = preSolution
		Debug|Any CPU = Debug|Any CPU
		Release|Any CPU = Release|Any CPU
	EndGlobalSection
	GlobalSection(ProjectConfigurationPlatforms) = postSolution
		{4C2EE810-3D2C-4EA5-B01E-23EADA32D6E2}.Debug|Any CPU.ActiveCfg = Debug|Any CPU
		{4C2EE810-3D2C-4EA5-B01E-23EADA32D6E2}.Debug|Any CPU.Build.0 = Debug|Any CPU
		{4C2EE810-3D2C-4EA5-B01E-23EADA32D6E2}.Release|Any CPU.ActiveCfg = Release|Any CPU
		{4C2EE810-3D2C-4EA5-B01E-23EADA32D6E2}.Release|Any CPU.Build.0 = Release|Any CPU
		{8FC6A478-333A-4DA4-999E-02BCA0307988}.Debug|Any CPU.ActiveCfg = Debug|Any CPU
		{8FC6A478-333A-4DA4-999E-02BCA0307988}.Debug|Any CPU.Build.0 = Debug|Any CPU
		{8FC6A478-333A-4DA4-999E-02BCA0307988}.Release|Any CPU.ActiveCfg = Release|Any CPU
		{8FC6A478-333A-4DA4-999E-02BCA0307988}.Release|Any CPU.Build.0 = Release|Any CPU
		{684C7F9C-B44B-4293-A7A3-373943D1D802}.Debug|Any CPU.ActiveCfg = Debug|Any CPU
		{684C7F9C-B44B-4293-A7A3-373943D1D802}.Debug|Any CPU.Build.0 = Debug|Any CPU
		{684C7F9C-B44B-4293-A7A3-373943D1D802}.Release|Any CPU.ActiveCfg = Release|Any CPU
		{684C7F9C-B44B-4293-A7A3-373943D1D802}.Release|Any CPU.Build.0 = Release|Any CPU
		{C5B6E983-1564-4098-968A-A8770DA03BC4}.Debug|Any CPU.ActiveCfg = Debug|Any CPU
		{C5B6E983-1564-4098-968A-A8770DA03BC4}.Debug|Any CPU.Build.0 = Debug|Any CPU
		{C5B6E983-1564-4098-968A-A8770DA03BC4}.Release|Any CPU.ActiveCfg = Release|Any CPU
		{C5B6E983-1564-4098-968A-A8770DA03BC4}.Release|Any CPU.Build.0 = Release|Any CPU
		{CB32A9AF-1547-45E6-8220-122203A63671}.Debug|Any CPU.ActiveCfg = Debug|Any CPU
		{CB32A9AF-1547-45E6-8220-122203A63671}.Debug|Any CPU.Build.0 = Debug|Any CPU
		{CB32A9AF-1547-45E6-8220-122203A63671}.Release|Any CPU.ActiveCfg = Release|Any CPU
		{CB32A9AF-1547-45E6-8220-122203A63671}.Release|Any CPU.Build.0 = Release|Any CPU
		{27065839-F410-81E4-B51A-38826934D735}.Debug|Any CPU.ActiveCfg = Debug|Any CPU
		{27065839-F410-81E4-B51A-38826934D735}.Debug|Any CPU.Build.0 = Debug|Any CPU
		{27065839-F410-81E4-B51A-38826934D735}.Release|Any CPU.ActiveCfg = Release|Any CPU
		{27065839-F410-81E4-B51A-38826934D735}.Release|Any CPU.Build.0 = Release|Any CPU
		{29116B28-4D5F-F07D-B4CB-8FFCFFCC4A8D}.Debug|Any CPU.ActiveCfg = Debug|Any CPU
		{29116B28-4D5F-F07D-B4CB-8FFCFFCC4A8D}.Debug|Any CPU.Build.0 = Debug|Any CPU
		{29116B28-4D5F-F07D-B4CB-8FFCFFCC4A8D}.Release|Any CPU.ActiveCfg = Release|Any CPU
		{29116B28-4D5F-F07D-B4CB-8FFCFFCC4A8D}.Release|Any CPU.Build.0 = Release|Any CPU
		{513FC960-B5E5-7ECB-EB15-9979149643FD}.Debug|Any CPU.ActiveCfg = Debug|Any CPU
		{513FC960-B5E5-7ECB-EB15-9979149643FD}.Debug|Any CPU.Build.0 = Debug|Any CPU
		{513FC960-B5E5-7ECB-EB15-9979149643FD}.Release|Any CPU.ActiveCfg = Release|Any CPU
		{513FC960-B5E5-7ECB-EB15-9979149643FD}.Release|Any CPU.Build.0 = Release|Any CPU
		{9311AE86-7AFC-B234-9384-71A13902A011}.Debug|Any CPU.ActiveCfg = Debug|Any CPU
		{9311AE86-7AFC-B234-9384-71A13902A011}.Debug|Any CPU.Build.0 = Debug|Any CPU
		{9311AE86-7AFC-B234-9384-71A13902A011}.Release|Any CPU.ActiveCfg = Release|Any CPU
		{9311AE86-7AFC-B234-9384-71A13902A011}.Release|Any CPU.Build.0 = Release|Any CPU
		{584F3BB1-3285-4B95-9AB2-F6022A7221D3}.Debug|Any CPU.ActiveCfg = Debug|Any CPU
		{584F3BB1-3285-4B95-9AB2-F6022A7221D3}.Debug|Any CPU.Build.0 = Debug|Any CPU
		{584F3BB1-3285-4B95-9AB2-F6022A7221D3}.Release|Any CPU.ActiveCfg = Release|Any CPU
		{584F3BB1-3285-4B95-9AB2-F6022A7221D3}.Release|Any CPU.Build.0 = Release|Any CPU
		{6AEED585-34B2-42C3-A642-C752EBBD08C7}.Debug|Any CPU.ActiveCfg = Debug|Any CPU
		{6AEED585-34B2-42C3-A642-C752EBBD08C7}.Debug|Any CPU.Build.0 = Debug|Any CPU
		{6AEED585-34B2-42C3-A642-C752EBBD08C7}.Release|Any CPU.ActiveCfg = Release|Any CPU
		{6AEED585-34B2-42C3-A642-C752EBBD08C7}.Release|Any CPU.Build.0 = Release|Any CPU
		{40F8D64F-5AB7-4DF2-B654-077DD8A4EE8A}.Debug|Any CPU.ActiveCfg = Debug|Any CPU
		{40F8D64F-5AB7-4DF2-B654-077DD8A4EE8A}.Debug|Any CPU.Build.0 = Debug|Any CPU
		{40F8D64F-5AB7-4DF2-B654-077DD8A4EE8A}.Release|Any CPU.ActiveCfg = Release|Any CPU
		{40F8D64F-5AB7-4DF2-B654-077DD8A4EE8A}.Release|Any CPU.Build.0 = Release|Any CPU
		{10F99D94-E8C7-4FD5-8F26-8CBB8156F1CA}.Debug|Any CPU.ActiveCfg = Debug|Any CPU
		{10F99D94-E8C7-4FD5-8F26-8CBB8156F1CA}.Debug|Any CPU.Build.0 = Debug|Any CPU
		{10F99D94-E8C7-4FD5-8F26-8CBB8156F1CA}.Release|Any CPU.ActiveCfg = Release|Any CPU
		{10F99D94-E8C7-4FD5-8F26-8CBB8156F1CA}.Release|Any CPU.Build.0 = Release|Any CPU
	EndGlobalSection
	GlobalSection(SolutionProperties) = preSolution
		HideSolutionNode = FALSE
	EndGlobalSection
	GlobalSection(NestedProjects) = preSolution
		{4C2EE810-3D2C-4EA5-B01E-23EADA32D6E2} = {B268AA47-57A6-4401-8D1D-9FCD1E8783E3}
		{8FC6A478-333A-4DA4-999E-02BCA0307988} = {703622A0-C47B-4686-A6A0-6D731F320914}
		{684C7F9C-B44B-4293-A7A3-373943D1D802} = {C7E4F661-F80D-4698-831B-0532BA4E8077}
		{C5B6E983-1564-4098-968A-A8770DA03BC4} = {B268AA47-57A6-4401-8D1D-9FCD1E8783E3}
		{CB32A9AF-1547-45E6-8220-122203A63671} = {B268AA47-57A6-4401-8D1D-9FCD1E8783E3}
		{27065839-F410-81E4-B51A-38826934D735} = {B268AA47-57A6-4401-8D1D-9FCD1E8783E3}
		{29116B28-4D5F-F07D-B4CB-8FFCFFCC4A8D} = {B268AA47-57A6-4401-8D1D-9FCD1E8783E3}
		{513FC960-B5E5-7ECB-EB15-9979149643FD} = {703622A0-C47B-4686-A6A0-6D731F320914}
		{9311AE86-7AFC-B234-9384-71A13902A011} = {703622A0-C47B-4686-A6A0-6D731F320914}
		{584F3BB1-3285-4B95-9AB2-F6022A7221D3} = {B268AA47-57A6-4401-8D1D-9FCD1E8783E3}
		{6AEED585-34B2-42C3-A642-C752EBBD08C7} = {B268AA47-57A6-4401-8D1D-9FCD1E8783E3}
		{40F8D64F-5AB7-4DF2-B654-077DD8A4EE8A} = {B268AA47-57A6-4401-8D1D-9FCD1E8783E3}
		{10F99D94-E8C7-4FD5-8F26-8CBB8156F1CA} = {703622A0-C47B-4686-A6A0-6D731F320914}
	EndGlobalSection
	GlobalSection(ExtensibilityGlobals) = postSolution
		SolutionGuid = {D922AD3F-98BC-4E44-B18A-F1636BB821EB}
	EndGlobalSection
EndGlobal
